
Microsoft Visual Studio Solution File, Format Version 12.00
# Visual Studio Version 16
VisualStudioVersion = 16.0.30621.155
MinimumVisualStudioVersion = 10.0.40219.1
Project("{FAE04EC0-301F-11D3-BF4B-00C04F79EFBC}") = "FinancialWeb.Api", "Api\FinancialWeb.Api.csproj", "{80DFB8D9-CD7B-4EDF-AD9C-A9B566A8B46D}"
EndProject
Global
	GlobalSection(SolutionConfigurationPlatforms) = preSolution
		Debug|Any CPU = Debug|Any CPU
		Release|Any CPU = Release|Any CPU
	EndGlobalSection
	GlobalSection(ProjectConfigurationPlatforms) = postSolution
		{80DFB8D9-CD7B-4EDF-AD9C-A9B566A8B46D}.Debug|Any CPU.ActiveCfg = Debug|Any CPU
		{80DFB8D9-CD7B-4EDF-AD9C-A9B566A8B46D}.Debug|Any CPU.Build.0 = Debug|Any CPU
		{80DFB8D9-CD7B-4EDF-AD9C-A9B566A8B46D}.Release|Any CPU.ActiveCfg = Release|Any CPU
		{80DFB8D9-CD7B-4EDF-AD9C-A9B566A8B46D}.Release|Any CPU.Build.0 = Release|Any CPU
	EndGlobalSection
	GlobalSection(SolutionProperties) = preSolution
		HideSolutionNode = FALSE
	EndGlobalSection
	GlobalSection(ExtensibilityGlobals) = postSolution
		SolutionGuid = {8FE21645-1DB8-41B9-B6F0-FEDF5C8D3C16}
	EndGlobalSection
EndGlobal
